{
    "_readme": [
        "This file locks the dependencies of your project to a known state",
        "Read more about it at http://getcomposer.org/doc/01-basic-usage.md#composer-lock-the-lock-file",
        "This file is @generated automatically"
    ],
    "hash": "90e5b29e5c22f34f574112e603ec8696",
    "packages": [
        {
            "name": "arcavias/arcavias-core",
            "version": "2014.07.x-dev",
            "source": {
                "type": "git",
                "url": "https://github.com/Arcavias/arcavias-core.git",
                "reference": "d890e0617b156a7b5e1be2af5382556a7c10b955"
            },
            "dist": {
                "type": "zip",
                "url": "https://api.github.com/repos/Arcavias/arcavias-core/zipball/d890e0617b156a7b5e1be2af5382556a7c10b955",
                "reference": "d890e0617b156a7b5e1be2af5382556a7c10b955",
                "shasum": ""
            },
            "require": {
                "ext-curl": "*",
                "ext-dom": "*",
                "ext-json": "*",
                "ext-mbstring": "*",
                "ext-pcre": "*",
                "ext-pdo": "*",
                "ext-pdo_mysql": "*",
                "ext-zip": "*",
                "php": ">=5.2.0"
            },
            "require-dev": {
                "phing/phing": "2.4.*",
                "phpunit/phpunit": "3.7.*",
                "squizlabs/php_codesniffer": "1.*"
            },
            "suggest": {
                "phpdocumentor/phpdocumentor": "Required for generating the API documentation"
            },
            "type": "library",
            "autoload": {
                "psr-0": {
                    "MShop": "lib/mshoplib/src",
                    "MAdmin": "lib/mshoplib/src",
                    "MW": "lib/mwlib/src",
                    "Client_Html": "client/html/src",
                    "Controller_Common": "controller/common/src",
                    "Controller_Frontend": "controller/frontend/src",
                    "Controller_ExtJS": "controller/extjs/src",
                    "Controller_Jobs": "controller/jobs/src",
                    "": [
                        "lib/mwlib/lib",
                        "."
                    ]
                },
                "classmap": [
                    "lib/mshoplib/src",
                    "lib/mwlib/lib",
                    "lib/mwlib/src",
                    "client/html/src",
                    "controller/common/src",
                    "controller/frontend/src",
                    "controller/extjs/src",
                    "controller/jobs/src",
                    "Arcavias.php"
                ]
            },
            "notification-url": "https://packagist.org/downloads/",
            "license": [
                "LGPL-3.0"
            ],
            "description": "e-commerce framework for web shops, portals and market places",
            "homepage": "http://www.arcavias.com/en",
            "keywords": [
                "e-commerce",
                "market place",
                "portal",
                "shop"
            ],
            "time": "2014-07-30 12:44:31"
        },
        {
            "name": "arcavias/ext-zend",
            "version": "2014.07.x-dev",
            "source": {
                "type": "git",
                "url": "https://github.com/Arcavias/ext-zend.git",
                "reference": "5bcccba83860500e2acdc991b556767397eb6a68"
            },
            "dist": {
                "type": "zip",
                "url": "https://api.github.com/repos/Arcavias/ext-zend/zipball/5bcccba83860500e2acdc991b556767397eb6a68",
                "reference": "5bcccba83860500e2acdc991b556767397eb6a68",
                "shasum": ""
            },
            "type": "arcavias-extension",
            "autoload": {
                "psr-0": {
                    "MW": "lib/custom/src"
                },
                "classmap": [
                    "lib/custom/src"
                ]
            },
            "notification-url": "https://packagist.org/downloads/",
            "license": [
                "LGPL-3.0"
            ],
            "description": "Arcavias extension for utilizing Zend Framework components",
            "homepage": "http://www.arcavias.com/en",
            "time": "2014-03-29 18:36:25"
        },
        {
            "name": "arcavias/extension-installer",
            "version": "2014.03.x-dev",
            "source": {
                "type": "git",
                "url": "https://github.com/Arcavias/extension-installer.git",
                "reference": "d9585ed9256de66b5aff2e65649955f10193b631"
            },
            "dist": {
                "type": "zip",
                "url": "https://api.github.com/repos/Arcavias/extension-installer/zipball/d9585ed9256de66b5aff2e65649955f10193b631",
                "reference": "d9585ed9256de66b5aff2e65649955f10193b631",
                "shasum": ""
            },
            "type": "composer-installer",
            "extra": {
                "class": "Arcavias\\Composer\\ExtensionInstaller"
            },
            "autoload": {
                "psr-0": {
                    "Arcavias\\Composer": "src/"
                }
            },
            "notification-url": "https://packagist.org/downloads/",
            "license": [
                "LGPL-3.0"
            ],
            "description": "custom composer installer for Arcavias extensions",
            "homepage": "http://www.arcavias.com/en",
            "time": "2013-07-08 12:47:55"
        }
    ],
    "packages-dev": [
        {
            "name": "phing/phing",
            "version": "2.4.14",
            "source": {
                "type": "git",
                "url": "https://github.com/phingofficial/phing.git",
                "reference": "41075d93ca254f1c90c79ec7ce81be2b2629e138"
            },
            "dist": {
                "type": "zip",
                "url": "https://api.github.com/repos/phingofficial/phing/zipball/41075d93ca254f1c90c79ec7ce81be2b2629e138",
                "reference": "41075d93ca254f1c90c79ec7ce81be2b2629e138",
                "shasum": ""
            },
            "require": {
                "php": ">=5.2.0"
            },
            "bin": [
                "bin/phing"
            ],
            "type": "library",
            "autoload": {
                "classmap": [
                    "classes/phing/"
                ]
            },
            "notification-url": "https://packagist.org/downloads/",
            "include-path": [
                "classes"
            ],
            "license": [
                "LGPL3"
            ],
            "authors": [
                {
                    "name": "Michiel Rook",
                    "email": "mrook@php.net",
                    "role": "Lead"
                },
                {
                    "name": "Phing Community",
                    "homepage": "http://www.phing.info/trac/wiki/Development/Contributors"
                }
            ],
            "description": "PHing Is Not GNU make; it's a PHP project build system or build tool based on Apache Ant.",
            "homepage": "http://www.phing.info/",
            "keywords": [
                "build",
                "task",
                "tool"
            ],
            "time": "2012-11-29 21:23:47"
        }
    ],
    "aliases": [

    ],
    "minimum-stability": "stable",
    "stability-flags": {
        "arcavias/arcavias-core": 20,
        "arcavias/extension-installer": 20,
        "arcavias/ext-zend": 20
    },
    "platform": {
        "php": ">=5.2.0"
    },
    "platform-dev": [

    ]
}
